# This file is automatically @generated by Wally.
# It is not intended for manual editing.
registry = "test"

[[package]]
name = "1foreverhd/janitor"
version = "1.18.15"
dependencies = []

[[package]]
name = "1foreverhd/topbarplus"
version = "3.4.0"
dependencies = []

[[package]]
name = "aerodymier/pathfinder"
version = "0.2.2"
dependencies = []

[[package]]
name = "alicesaidhi/jabby"
version = "0.6.1"
dependencies = [["jecs", "ukendio/jecs@0.11.0"], ["pebble", "alicesaidhi/pebble@0.2.0"], ["vide", "centau/vide@0.4.1"]]

[[package]]
name = "alicesaidhi/pebble"
version = "0.2.0"
dependencies = [["vide", "centau/vide@0.4.1"]]

[[package]]
name = "arxkdev/ezvisualz"
version = "1.2.0"
dependencies = []

[[package]]
name = "centau/vide"
version = "0.4.1"
dependencies = []

[[package]]
name = "kartzrbx/dataservicev2"
version = "2.3.3"
dependencies = []

[[package]]
name = "kartzrbx/stickybillboard"
version = "1.2.0"
dependencies = []

[[package]]
name = "kumarion/formatnumber"
version = "0.0.1"
dependencies = []

[[package]]
name = "kumarion/module3d"
version = "0.0.2"
dependencies = []

[[package]]
name = "lipetos/cmdr"
version = "1.12.2"
dependencies = []

[[package]]
name = "lucaschaibub/vfx-util"
version = "1.0.0"
dependencies = []

[[package]]
name = "nightcycle/display"
version = "0.2.8"
dependencies = [["option", "nightcycle/option@1.0.3"]]

[[package]]
name = "nightcycle/option"
version = "1.0.3"
dependencies = []

[[package]]
name = "nightcycle/spring"
version = "1.0.0"
dependencies = []

[[package]]
name = "sleitnick/signal"
version = "2.0.3"
dependencies = []

[[package]]
name = "ukendio/jecs"
version = "0.11.0"
dependencies = []

[[package]]
name = "user/animedomains"
version = "0.1.0"
dependencies = [["Pathfinder", "aerodymier/pathfinder@0.2.2"], ["cmdr", "lipetos/cmdr@1.12.2"], ["dataservicev2", "kartzrbx/dataservicev2@2.3.3"], ["display", "nightcycle/display@0.2.8"], ["ezvisualz", "arxkdev/ezvisualz@1.2.0"], ["formatnumber", "kumarion/formatnumber@0.0.1"], ["jabby", "alicesaidhi/jabby@0.6.1"], ["janitor", "1foreverhd/janitor@1.18.15"], ["jecs", "ukendio/jecs@0.11.0"], ["module3d", "kumarion/module3d@0.0.2"], ["signal", "sleitnick/signal@2.0.3"], ["spring", "nightcycle/spring@1.0.0"], ["stickybillboard", "kartzrbx/stickybillboard@1.2.0"], ["topbarplus", "1foreverhd/topbarplus@3.4.0"], ["vfx-util", "lucaschaibub/vfx-util@1.0.0"]]
